
Microsoft Visual Studio Solution File, Format Version 12.00
# Visual Studio Version 17
VisualStudioVersion = 17.0.32126.317
MinimumVisualStudioVersion = 10.0.40219.1
Project("{FAE04EC0-301F-11D3-BF4B-00C04F79EFBC}") = "Lab 1 List", "Lab 1 List\Lab 1 List.csproj", "{E77414B2-BCE0-4D4D-932B-AEDC489B1153}"
EndProject
Global
	GlobalSection(SolutionConfigurationPlatforms) = preSolution
		Debug|Any CPU = Debug|Any CPU
		Release|Any CPU = Release|Any CPU
	EndGlobalSection
	GlobalSection(ProjectConfigurationPlatforms) = postSolution
		{E77414B2-BCE0-4D4D-932B-AEDC489B1153}.Debug|Any CPU.ActiveCfg = Debug|Any CPU
		{E77414B2-BCE0-4D4D-932B-AEDC489B1153}.Debug|Any CPU.Build.0 = Debug|Any CPU
		{E77414B2-BCE0-4D4D-932B-AEDC489B1153}.Release|Any CPU.ActiveCfg = Release|Any CPU
		{E77414B2-BCE0-4D4D-932B-AEDC489B1153}.Release|Any CPU.Build.0 = Release|Any CPU
	EndGlobalSection
	GlobalSection(SolutionProperties) = preSolution
		HideSolutionNode = FALSE
	EndGlobalSection
	GlobalSection(ExtensibilityGlobals) = postSolution
		SolutionGuid = {D2ED45ED-1024-4A88-8AFA-685B2A33A64B}
	EndGlobalSection
EndGlobal
